
Microsoft Visual Studio Solution File, Format Version 12.00
# Visual Studio Version 17
VisualStudioVersion = 17.5.002.0
MinimumVisualStudioVersion = 10.0.40219.1
Project("{9A19103F-16F7-4668-BE54-9A1E7A4F7556}") = "UrlShortener", "UrlShortener.csproj", "{0D174F81-1F27-485B-9E65-B689A6880596}"
EndProject
Global
	GlobalSection(SolutionConfigurationPlatforms) = preSolution
		Debug|Any CPU = Debug|Any CPU
		Release|Any CPU = Release|Any CPU
	EndGlobalSection
	GlobalSection(ProjectConfigurationPlatforms) = postSolution
		{0D174F81-1F27-485B-9E65-B689A6880596}.Debug|Any CPU.ActiveCfg = Debug|Any CPU
		{0D174F81-1F27-485B-9E65-B689A6880596}.Debug|Any CPU.Build.0 = Debug|Any CPU
		{0D174F81-1F27-485B-9E65-B689A6880596}.Release|Any CPU.ActiveCfg = Release|Any CPU
		{0D174F81-1F27-485B-9E65-B689A6880596}.Release|Any CPU.Build.0 = Release|Any CPU
	EndGlobalSection
	GlobalSection(SolutionProperties) = preSolution
		HideSolutionNode = FALSE
	EndGlobalSection
	GlobalSection(ExtensibilityGlobals) = postSolution
		SolutionGuid = {D5E51988-54B3-47EE-ADD7-AF6E7EAB78A1}
	EndGlobalSection
EndGlobal
